version = 1
revision = 2
requires-python = ">=3.12"

[[package]]
name = "pyobjc-core"
version = "12.2.1"
source = { registry = "https://pypi.org/simple" }
sdist = { url = "https://files.pythonhosted.org/packages/b4/b1/729f7458a63758bd21716648a8abcd9a0c8f2d2e9897763c8a1a1c7fd31b/pyobjc_core-12.2.1.tar.gz", hash = "sha256:7a7b9b018402342cf32bf1956366896350fbe5c0478cb3ef59778f77abed7f07", size = 1063383, upload-time = "2026-06-19T16:19:39.357Z" }
wheels = [
    { url = "https://files.pythonhosted.org/packages/8c/88/300ad283bed0c971c52dcac6f70113e138169d4ce6d856ddd03d16081e51/pyobjc_core-12.2.1-cp312-cp312-macosx_10_13_universal2.whl", hash = "sha256:a64232bb27ed101d4adc7d42b0e64a6d3331aac7bee7861c037a6777a163f10b", size = 6433347, upload-time = "2026-06-19T16:04:49.341Z" },
    { url = "https://files.pythonhosted.org/packages/3e/1e/b9b0ddffae66996b8779f1f7958adc9f21c13a0448cd3be8d7fe589b5b0f/pyobjc_core-12.2.1-cp313-cp313-macosx_10_13_universal2.whl", hash = "sha256:af101222762665a4125157906cb4b23f5d5a63d3851d5e0504f72a1eaaa2cfd2", size = 6436004, upload-time = "2026-06-19T16:04:53.257Z" },
    { url = "https://files.pythonhosted.org/packages/8f/26/bd309ede07784c6e5fac4b440c90a5f72a66da7859ed303a9392fe8a5f3f/pyobjc_core-12.2.1-cp313-cp313t-macosx_10_13_universal2.whl", hash = "sha256:efe465e3ecc6fc73f7c7622620345d134a8d34564ab1c29d8247e45f4ed55071", size = 6687044, upload-time = "2026-06-19T16:04:57.42Z" },
    { url = "https://files.pythonhosted.org/packages/bd/8a/cfa4f56939d554dbb342ec6e5226a441e2f552bc2002a0ddf7705bb11bef/pyobjc_core-12.2.1-cp314-cp314-macosx_10_15_universal2.whl", hash = "sha256:2b8fc0531c27277325e113ac00b8a72a82e6145f0a88175b9425d8de814ff69a", size = 6429289, upload-time = "2026-06-19T16:05:02.191Z" },
    { url = "https://files.pythonhosted.org/packages/42/74/446c89bc18103aaa4a00d1fb85ff8acace9a0dc3f362d9678ebf7571e275/pyobjc_core-12.2.1-cp314-cp314t-macosx_10_15_universal2.whl", hash = "sha256:9bef500f979e22d54f9da3aaebf6a48f873234b324858bd69256055a318955c7", size = 6690181, upload-time = "2026-06-19T16:05:06.201Z" },
    { url = "https://files.pythonhosted.org/packages/99/c7/0121ee4c616af07ad2de8cd1a286f6978dc9a227eb58b7c2e875cb68a1df/pyobjc_core-12.2.1-cp315-cp315-macosx_10_15_universal2.whl", hash = "sha256:047c226eeb58a2993ace5e8904e71cc9426ee20d064c617f8fbf32717d37093e", size = 6487078, upload-time = "2026-06-19T16:05:10.093Z" },
    { url = "https://files.pythonhosted.org/packages/b5/a8/cb9fcc150f97d0bf22a2028f88b24cc35949beb1bcc7b8bc5c17d4401677/pyobjc_core-12.2.1-cp315-cp315t-macosx_10_15_universal2.whl", hash = "sha256:1188613805336270279570467e4455b74cb6c0f60913ac74c917ee1c37cfaecb", size = 6733064, upload-time = "2026-06-19T16:05:14.313Z" },
]

[[package]]
name = "pyobjc-framework-avfoundation"
version = "12.2.1"
source = { registry = "https://pypi.org/simple" }
dependencies = [
    { name = "pyobjc-core" },
    { name = "pyobjc-framework-cocoa" },
    { name = "pyobjc-framework-coreaudio" },
    { name = "pyobjc-framework-coremedia" },
    { name = "pyobjc-framework-quartz" },
]
sdist = { url = "https://files.pythonhosted.org/packages/2e/26/7616f0bc8e4eaaba948cf5d220c8f55e0f54f617a2812392a82f19c30f39/pyobjc_framework_avfoundation-12.2.1.tar.gz", hash = "sha256:2735e4f1c345d2b533541577e292f3ad2f75d19200eff99f1a2db16d78b4f1a3", size = 410329, upload-time = "2026-06-19T16:19:52.413Z" }
wheels = [
    { url = "https://files.pythonhosted.org/packages/49/bb/e427b2fd705e9dabbfa0ab89b863305788906e34064db2bb930f1c3ba216/pyobjc_framework_avfoundation-12.2.1-cp312-cp312-macosx_10_13_universal2.whl", hash = "sha256:f372800274df35f8d964cad0ad6da7636f1b6720e802e28e5a6bc1f16f16f135", size = 85578, upload-time = "2026-06-19T16:06:22.292Z" },
    { url = "https://files.pythonhosted.org/packages/98/f5/b38da31d9f95770d0f0f9b9724a898d240d6fb630796e04e9682384d086c/pyobjc_framework_avfoundation-12.2.1-cp313-cp313-macosx_10_13_universal2.whl", hash = "sha256:9291848b0f0f66031bd3af2549e1e0cdf43e4872b9c562bd29f0239c6ef2b75f", size = 85628, upload-time = "2026-06-19T16:06:23.317Z" },
    { url = "https://files.pythonhosted.org/packages/c4/a4/f1bc5fc239015d8fb4414a83592d69b85b8bbdc68f2403c21dbcdcb8ce12/pyobjc_framework_avfoundation-12.2.1-cp313-cp313t-macosx_10_13_universal2.whl", hash = "sha256:3e92a8502d389469b1307a6a2c386f20d2e77878c7e35e3e14120596b47eb205", size = 86077, upload-time = "2026-06-19T16:06:24.449Z" },
    { url = "https://files.pythonhosted.org/packages/4a/a2/4a65d749d57dd16b034ee0935b7daa1228e8a735bf920e9eab9f4aaa9f1e/pyobjc_framework_avfoundation-12.2.1-cp314-cp314-macosx_10_15_universal2.whl", hash = "sha256:043aedd86adbc0a3bfe8f76d1a1ce920539e47b5dd5d965358f93e0063c9a53d", size = 85836, upload-time = "2026-06-19T16:06:25.377Z" },
    { url = "https://files.pythonhosted.org/packages/bc/49/b9e8f51821a9e5a4a76bea7ab10c2dc1b51b8a141cf4bccbba022f2db19f/pyobjc_framework_avfoundation-12.2.1-cp314-cp314t-macosx_10_15_universal2.whl", hash = "sha256:50e2b65e5c3845eb8ad0d37868a7f040656fe69e6c03f4282670e7dc52ed7a4a", size = 86173, upload-time = "2026-06-19T16:06:26.423Z" },
    { url = "https://files.pythonhosted.org/packages/e1/3d/eda090c53a98293d6ad78eb2a0639e9ab402c14555c2d9e3c311fc482051/pyobjc_framework_avfoundation-12.2.1-cp315-cp315-macosx_10_15_universal2.whl", hash = "sha256:3f74e199c933df54020b972b985af5a5d2e63134278ea02dfd81923976500794", size = 85889, upload-time = "2026-06-19T16:06:27.517Z" },
    { url = "https://files.pythonhosted.org/packages/a4/58/88126080195ab3fc95b08562ce30f9f599bdabf282b3a4e57bd2c8c2595c/pyobjc_framework_avfoundation-12.2.1-cp315-cp315t-macosx_10_15_universal2.whl", hash = "sha256:1ec2fdfe6eee51f12e7d933e0109ea8ad553acf4301c01f46b79d0a9d378d705", size = 86232, upload-time = "2026-06-19T16:06:28.535Z" },
]

[[package]]
name = "pyobjc-framework-cocoa"
version = "12.2.1"
source = { registry = "https://pypi.org/simple" }
dependencies = [
    { name = "pyobjc-core" },
]
sdist = { url = "https://files.pythonhosted.org/packages/51/34/fbe38a204643aa4e1b91391cdce07a34da565a69171ebcad08de7438a556/pyobjc_framework_cocoa-12.2.1.tar.gz", hash = "sha256:b94b37fe5730e5ae1fb0052912cd174e6ec329b0bfba4a012ae5db1014b5864b", size = 3125751, upload-time = "2026-06-19T16:20:05.159Z" }
wheels = [
    { url = "https://files.pythonhosted.org/packages/f7/cf/1b3b32b2f28f66cc053c3438ef4e6df36a1591945bf05e7399da18d74553/pyobjc_framework_cocoa-12.2.1-cp312-cp312-macosx_10_13_universal2.whl", hash = "sha256:28b9b8bab1c36efb94744786918752d0c1842f5fbb67e7d5ca97b5f736512080", size = 388113, upload-time = "2026-06-19T16:07:38.9Z" },
    { url = "https://files.pythonhosted.org/packages/cc/46/68e8e4d926a2f70fed0437047bc3f9fe08af8fe620d94d80656ebc3cfa9b/pyobjc_framework_cocoa-12.2.1-cp313-cp313-macosx_10_13_universal2.whl", hash = "sha256:3b74a78fa7803e547b32e5e8ec1b49987b52fe318383e793bc6cd49b80efbd9f", size = 388183, upload-time = "2026-06-19T16:07:40.483Z" },
    { url = "https://files.pythonhosted.org/packages/2e/f3/dfc9af4c9eb2e5389c860ad5ef252be9fe456db09f39d537555dc5057aa1/pyobjc_framework_cocoa-12.2.1-cp313-cp313t-macosx_10_13_universal2.whl", hash = "sha256:dc2eaca2f13c7bcd8e41e51a372e47825dea9dd3126108760eed7ba883d2945c", size = 392275, upload-time = "2026-06-19T16:07:42.078Z" },
    { url = "https://files.pythonhosted.org/packages/ec/c8/b90baa8f3592eded79b4be98fb59d2b8dc16b62361e34292bd95806ebd9f/pyobjc_framework_cocoa-12.2.1-cp314-cp314-macosx_10_15_universal2.whl", hash = "sha256:b386c324d64ae565c1f6b7dfb77be68f640a1c7c23caa6966ab661131f519561", size = 388357, upload-time = "2026-06-19T16:07:43.364Z" },
    { url = "https://files.pythonhosted.org/packages/98/d8/64a94651b9294702d55e748d94de30e25bc59d0784526be7643f4467eccd/pyobjc_framework_cocoa-12.2.1-cp314-cp314t-macosx_10_15_universal2.whl", hash = "sha256:a6c584e2af0813cb2f6103b184e632665a26f58c1bd5b08ffd6e95a19c617f7b", size = 392404, upload-time = "2026-06-19T16:07:44.955Z" },
    { url = "https://files.pythonhosted.org/packages/5c/cc/26e8a7bf1f5e8caa38b7f80d486296f9fd3c97e71ad7e5444ef22e802758/pyobjc_framework_cocoa-12.2.1-cp315-cp315-macosx_10_15_universal2.whl", hash = "sha256:b6023657b8d6cc049a21bd6b4752425f2f53c42f9f0b02d64c7608cc484bf103", size = 388589, upload-time = "2026-06-19T16:07:46.276Z" },
    { url = "https://files.pythonhosted.org/packages/b6/f3/eedf743a303ea742b8e082afe3613fb4d6618bc1a48cf2568b004ce906f7/pyobjc_framework_cocoa-12.2.1-cp315-cp315t-macosx_10_15_universal2.whl", hash = "sha256:c685ccd8e266a07cf912a2c5a13b1f2eff2a868a1aff163b4801b4687bd425e1", size = 392691, upload-time = "2026-06-19T16:07:47.477Z" },
]

[[package]]
name = "pyobjc-framework-coreaudio"
version = "12.2.1"
source = { registry = "https://pypi.org/simple" }
dependencies = [
    { name = "pyobjc-core" },
    { name = "pyobjc-framework-cocoa" },
]
sdist = { url = "https://files.pythonhosted.org/packages/ad/df/f1d402bb7b437374f942bb19410a955a74291867c77a920d9c13887d9e48/pyobjc_framework_coreaudio-12.2.1.tar.gz", hash = "sha256:7dfbf1851523aed453af43a628e057d8950d6e020574aa497a2e4f559b6383c8", size = 78690, upload-time = "2026-06-19T16:20:10.586Z" }
wheels = [
    { url = "https://files.pythonhosted.org/packages/ea/c1/1fc7a344ac15646fdf78c91af81028113c87375036e505082cf1f90bd657/pyobjc_framework_coreaudio-12.2.1-cp312-cp312-macosx_10_13_universal2.whl", hash = "sha256:41a0d8c3b3957f35f17370071aeef94e176d07c9e2130d0aeeb4b260117acd52", size = 35415, upload-time = "2026-06-19T16:08:11.329Z" },
    { url = "https://files.pythonhosted.org/packages/39/e4/71b2e3bd03f0404c89b432273d272dc5427185fd9ed828036730bfc9d057/pyobjc_framework_coreaudio-12.2.1-cp313-cp313-macosx_10_13_universal2.whl", hash = "sha256:6fb46bc090edcaefeb70be2c179071e7a758e3375aebd3338b11773e371c3dce", size = 35445, upload-time = "2026-06-19T16:08:12.455Z" },
    { url = "https://files.pythonhosted.org/packages/67/5b/07dc0bf9f79d3b76effba3f0a754be6fda0947848939236820c8e70ac896/pyobjc_framework_coreaudio-12.2.1-cp313-cp313t-macosx_10_13_universal2.whl", hash = "sha256:d05e5fd58c1e5f48e7767b1f6182cf36ee9bff38568544d51f468b25ad90e334", size = 38205, upload-time = "2026-06-19T16:08:13.381Z" },
    { url = "https://files.pythonhosted.org/packages/ad/a4/6495dd34b1ed7a0e8f6d672577da62a92b166a0bc2ded8e55e552cbe5ad2/pyobjc_framework_coreaudio-12.2.1-cp314-cp314-macosx_10_15_universal2.whl", hash = "sha256:efb79709371f29139f44adc36bd6c32d5a3a0ff3ffd0c5f3f372275cef893b18", size = 36697, upload-time = "2026-06-19T16:08:14.407Z" },
    { url = "https://files.pythonhosted.org/packages/cd/9e/9f0cba5b973a5c8041edb75cf0870f40324437721428b1baceb437553e3f/pyobjc_framework_coreaudio-12.2.1-cp314-cp314t-macosx_10_15_universal2.whl", hash = "sha256:9c06b9d7ee3b2a76dd171de519f571d09bdebd85f40b5960d16f711395513cdd", size = 38300, upload-time = "2026-06-19T16:08:15.297Z" },
    { url = "https://files.pythonhosted.org/packages/a1/13/e8df283cdd73dec1b97033be04a89a05e17714c8e2229f2a2e5a44f377c7/pyobjc_framework_coreaudio-12.2.1-cp315-cp315-macosx_10_15_universal2.whl", hash = "sha256:51be22e4fac73ba4b26ee34c457ac94f56218e4e9c1494f8f4e7dfe9dbb6a15f", size = 36723, upload-time = "2026-06-19T16:08:16.247Z" },
    { url = "https://files.pythonhosted.org/packages/5e/b2/c76ddff169b45d7239468f44bf4af3ff431c014fbf0aa5dbbfcc099672f8/pyobjc_framework_coreaudio-12.2.1-cp315-cp315t-macosx_10_15_universal2.whl", hash = "sha256:18717e6e106556fd4ffd0bdf6a6dae796fc9100c6b373e664437604dd0b9e94d", size = 38333, upload-time = "2026-06-19T16:08:17.264Z" },
]

[[package]]
name = "pyobjc-framework-coremedia"
version = "12.2.1"
source = { registry = "https://pypi.org/simple" }
dependencies = [
    { name = "pyobjc-core" },
    { name = "pyobjc-framework-cocoa" },
]
sdist = { url = "https://files.pythonhosted.org/packages/e3/79/f501d730a9c320e0b2b3916e95f57e66dd6736d210a1aa5b63eb6c43e605/pyobjc_framework_coremedia-12.2.1.tar.gz", hash = "sha256:71b45f7cd52bd997d836c15a0e1016db90815a219dc87fd20435a6f08b87df7b", size = 98252, upload-time = "2026-06-19T16:20:15.75Z" }
wheels = [
    { url = "https://files.pythonhosted.org/packages/af/17/6bf365530573a6b7719b5a47efe6c38ac8c42f6b556babe419f5de48a84c/pyobjc_framework_coremedia-12.2.1-cp312-cp312-macosx_10_13_universal2.whl", hash = "sha256:fd0e25bc704dd91882bc29d682880c42f712b39bdfe3d3168780d24a9d9eaf26", size = 29419, upload-time = "2026-06-19T16:08:53.52Z" },
    { url = "https://files.pythonhosted.org/packages/d6/2a/9e5beae2961c9d22ce16258f39edae69996ee0167dd4cfe4e771454086c1/pyobjc_framework_coremedia-12.2.1-cp313-cp313-macosx_10_13_universal2.whl", hash = "sha256:45878f686ce8ea1735ce382b34ef3a5852cafe0ae2a27a49c08701f4c3ab830b", size = 29431, upload-time = "2026-06-19T16:08:54.41Z" },
    { url = "https://files.pythonhosted.org/packages/dc/51/00b7f012e55475502296cc8ef276b94ad7d4d10d97ce2e88bf9d87f9b664/pyobjc_framework_coremedia-12.2.1-cp313-cp313t-macosx_10_13_universal2.whl", hash = "sha256:9f2b30ef288c9f2fa1599a1cc5868f8cd949c7138a7f15244c7a6884afcef273", size = 29491, upload-time = "2026-06-19T16:08:55.297Z" },
    { url = "https://files.pythonhosted.org/packages/16/dc/7083e6781fcd843d210ec6d247d28c6e1032ea1c5655b9e1182d0a85f331/pyobjc_framework_coremedia-12.2.1-cp314-cp314-macosx_10_15_universal2.whl", hash = "sha256:84e9fb3f7b6420fc3865a5812604c63546b5777f4999e0e0e830a9a0816e8743", size = 29468, upload-time = "2026-06-19T16:08:56.129Z" },
    { url = "https://files.pythonhosted.org/packages/11/74/edb3ec87d2e5f962c75af990207e4df39b290f11b4f4c3cc446ee141e4e7/pyobjc_framework_coremedia-12.2.1-cp314-cp314t-macosx_10_15_universal2.whl", hash = "sha256:541d64d2fc7576054bdc3508a94f37671e81e5ca1582e16ebec2c0e05dd75412", size = 29519, upload-time = "2026-06-19T16:08:56.956Z" },
    { url = "https://files.pythonhosted.org/packages/28/0f/9176b6a7666e46273c0392c8f77bc812e006dc74a1c21263c4bdf385012f/pyobjc_framework_coremedia-12.2.1-cp315-cp315-macosx_10_15_universal2.whl", hash = "sha256:2a355770b66b4caf99560c11af44dfeca53066ece75807fc6a391a16369ccc72", size = 29502, upload-time = "2026-06-19T16:08:57.918Z" },
    { url = "https://files.pythonhosted.org/packages/a5/27/13e7d8d16528734690f83abd901cbc53dd6f7c1adbcb3a902166735c6c21/pyobjc_framework_coremedia-12.2.1-cp315-cp315t-macosx_10_15_universal2.whl", hash = "sha256:5536453ba631227810a1141fb1761149244bd6d0e7cd4b12477be3b164f5bb11", size = 29555, upload-time = "2026-06-19T16:08:58.792Z" },
]

[[package]]
name = "pyobjc-framework-quartz"
version = "12.2.1"
source = { registry = "https://pypi.org/simple" }
dependencies = [
    { name = "pyobjc-core" },
    { name = "pyobjc-framework-cocoa" },
]
sdist = { url = "https://files.pythonhosted.org/packages/3b/f6/2a8b84dbf1fe7c04dd96ea73d991678d4e09a909f51971ecc51629bb2ab4/pyobjc_framework_quartz-12.2.1.tar.gz", hash = "sha256:b3b8b6f71e66147f8ff9e6213864cc8527e3a0b1ee90835b93ce221f4802d9b0", size = 3215521, upload-time = "2026-06-19T16:21:30.199Z" }
wheels = [
    { url = "https://files.pythonhosted.org/packages/14/fc/d7c7b3134cdbd1a487f3f77b5be125d87a6c9e7d9411035739d99335cc0c/pyobjc_framework_quartz-12.2.1-cp312-cp312-macosx_10_13_universal2.whl", hash = "sha256:de9c8cca7e95290c8d540466af11c7cdfe3a5458e6f56c34006d5b45243f9ed9", size = 219000, upload-time = "2026-06-19T16:16:04.29Z" },
    { url = "https://files.pythonhosted.org/packages/0a/4b/861f91a1565d3189ee899e177b915551fb9a7e2ca25414025a8974f04e74/pyobjc_framework_quartz-12.2.1-cp313-cp313-macosx_10_13_universal2.whl", hash = "sha256:54c9bc7f507192691841ee4eba5bf36990b259df83ac728efed2d7ea1cd021e4", size = 219403, upload-time = "2026-06-19T16:16:05.645Z" },
    { url = "https://files.pythonhosted.org/packages/ba/b5/b27010d2f288737f627f74be6d5549f49c841542365c84b9a3011fe39ce7/pyobjc_framework_quartz-12.2.1-cp313-cp313t-macosx_10_13_universal2.whl", hash = "sha256:bfc0d2badd819823d21df8069dcf9544ce360ed747a8895c51bdb25d8d125f45", size = 224458, upload-time = "2026-06-19T16:16:07.252Z" },
    { url = "https://files.pythonhosted.org/packages/8b/5d/85ffd9d433989205d572a50d625c63b29c05e0c5235a725f15ae1023672c/pyobjc_framework_quartz-12.2.1-cp314-cp314-macosx_10_15_universal2.whl", hash = "sha256:ceb56939c337b36d9d81185ade31f77dc52c85cf79bb16e53e9b32f54b6bb3f5", size = 219769, upload-time = "2026-06-19T16:16:08.814Z" },
    { url = "https://files.pythonhosted.org/packages/e2/d6/b917e4b63d72ea84a27121076f3033f23f6497c0e6ce8d304766c899897f/pyobjc_framework_quartz-12.2.1-cp314-cp314t-macosx_10_15_universal2.whl", hash = "sha256:8105c98b798f2bf81c05c54bddeeadbf62f0b5dfec13bd6e719dd2cdf7e1cddf", size = 224717, upload-time = "2026-06-19T16:16:10.215Z" },
    { url = "https://files.pythonhosted.org/packages/04/e2/f3c1ed3228f7430ef5ade23db6f1fcbae99290f177ce5653348fd9e05f4d/pyobjc_framework_quartz-12.2.1-cp315-cp315-macosx_10_15_universal2.whl", hash = "sha256:bbc214f1a216b5d3651bc832d0ac4589f029f3f37cd6cbb370aac12a7c77942c", size = 219825, upload-time = "2026-06-19T16:16:11.433Z" },
    { url = "https://files.pythonhosted.org/packages/66/2a/2c99a5ad2fe0a11600ea123b8e9a08ff138fcb2ad1e13e376f4bd4aa1d96/pyobjc_framework_quartz-12.2.1-cp315-cp315t-macosx_10_15_universal2.whl", hash = "sha256:ca61624a0b0e6286d8a0f97f47eb9011e4e81e9a339db436d48af527e7065bb1", size = 224770, upload-time = "2026-06-19T16:16:13.035Z" },
]

[[package]]
name = "spike-vpio"
version = "0.1.0"
source = { virtual = "." }
dependencies = [
    { name = "pyobjc-framework-avfoundation" },
]

[package.metadata]
requires-dist = [{ name = "pyobjc-framework-avfoundation", specifier = ">=12.2.1" }]
